
Microsoft Visual Studio Solution File, Format Version 12.00
# Visual Studio Version 17
VisualStudioVersion = 17.9.34616.47
MinimumVisualStudioVersion = 10.0.40219.1
Project("{9A19103F-16F7-4668-BE54-9A1E7A4F7556}") = "personellRegisterApp", "personellRegisterApp.csproj", "{DAAAC380-748C-485A-81B2-091F142B710A}"
EndProject
Global
	GlobalSection(SolutionConfigurationPlatforms) = preSolution
		Debug|Any CPU = Debug|Any CPU
		Release|Any CPU = Release|Any CPU
	EndGlobalSection
	GlobalSection(ProjectConfigurationPlatforms) = postSolution
		{DAAAC380-748C-485A-81B2-091F142B710A}.Debug|Any CPU.ActiveCfg = Debug|Any CPU
		{DAAAC380-748C-485A-81B2-091F142B710A}.Debug|Any CPU.Build.0 = Debug|Any CPU
		{DAAAC380-748C-485A-81B2-091F142B710A}.Release|Any CPU.ActiveCfg = Release|Any CPU
		{DAAAC380-748C-485A-81B2-091F142B710A}.Release|Any CPU.Build.0 = Release|Any CPU
	EndGlobalSection
	GlobalSection(SolutionProperties) = preSolution
		HideSolutionNode = FALSE
	EndGlobalSection
	GlobalSection(ExtensibilityGlobals) = postSolution
		SolutionGuid = {A9254277-3930-4FF6-98C8-EEA7FA092F94}
	EndGlobalSection
EndGlobal
